// !$*UTF8*$!
{
	archiveVersion = 1;
	classes = {
	};
	objectVersion = 46;
	objects = {

/* Begin PBXBuildFile section */
		F07EB6811F974203000616C7 /* main.m in Sources */ = {isa = PBXBuildFile; fileRef = F07EB6801F974202000616C7 /* main.m */; };
		F07EB6841F974203000616C7 /* AppDelegate.m in Sources */ = {isa = PBXBuildFile; fileRef = F07EB6831F974203000616C7 /* AppDelegate.m */; };
		F07EB6871F974203000616C7 /* ViewController.m in Sources */ = {isa = PBXBuildFile; fileRef = F07EB6861F974203000616C7 /* ViewController.m */; };
		F07EB68A1F974203000616C7 /* Main.storyboard in Resources */ = {isa = PBXBuildFile; fileRef = F07EB6881F974203000616C7 /* Main.storyboard */; };
		F07EB68C1F974203000616C7 /* Assets.xcassets in Resources */ = {isa = PBXBuildFile; fileRef = F07EB68B1F974203000616C7 /* Assets.xcassets */; };
		F07EB68F1F974203000616C7 /* LaunchScreen.storyboard in Resources */ = {isa = PBXBuildFile; fileRef = F07EB68D1F974203000616C7 /* LaunchScreen.storyboard */; };
		F07EB69A1F974204000616C7 /* DJLineChartTests.m in Sources */ = {isa = PBXBuildFile; fileRef = F07EB6991F974204000616C7 /* DJLineChartTests.m */; };
		F07EB6A51F974204000616C7 /* DJLineChartUITests.m in Sources */ = {isa = PBXBuildFile; fileRef = F07EB6A41F974204000616C7 /* DJLineChartUITests.m */; };
		F07EB6B41F974262000616C7 /* UIBezierPath+DJPointsBezier.m in Sources */ = {isa = PBXBuildFile; fileRef = F07EB6B31F974262000616C7 /* UIBezierPath+DJPointsBezier.m */; };
		F07EB6B71F9742AD000616C7 /* DJPointView.m in Sources */ = {isa = PBXBuildFile; fileRef = F07EB6B61F9742AD000616C7 /* DJPointView.m */; };
		F07EB6BA1F974405000616C7 /* DJCoordinateView.m in Sources */ = {isa = PBXBuildFile; fileRef = F07EB6B91F974405000616C7 /* DJCoordinateView.m */; };
/* End PBXBuildFile section */

/* Begin PBXContainerItemProxy section */
		F07EB6961F974204000616C7 /* PBXContainerItemProxy */ = {
			isa = PBXContainerItemProxy;
			containerPortal = F07EB6741F974202000616C7 /* Project object */;
			proxyType = 1;
			remoteGlobalIDString = F07EB67B1F974202000616C7;
			remoteInfo = DJLineChart;
		};
		F07EB6A11F974204000616C7 /* PBXContainerItemProxy */ = {
			isa = PBXContainerItemProxy;
			containerPortal = F07EB6741F974202000616C7 /* Project object */;
			proxyType = 1;
			remoteGlobalIDString = F07EB67B1F974202000616C7;
			remoteInfo = DJLineChart;
		};
/* End PBXContainerItemProxy section */

/* Begin PBXFileReference section */
		F07EB67C1F974202000616C7 /* DJLineChart.app */ = {isa = PBXFileReference; explicitFileType = wrapper.application; includeInIndex = 0; path = DJLineChart.app; sourceTree = BUILT_PRODUCTS_DIR; };
		F07EB6801F974202000616C7 /* main.m */ = {isa = PBXFileReference; lastKnownFileType = sourcecode.c.objc; path = main.m; sourceTree = "<group>"; };
		F07EB6821F974203000616C7 /* AppDelegate.h */ = {isa = PBXFileReference; lastKnownFileType = sourcecode.c.h; path = AppDelegate.h; sourceTree = "<group>"; };
		F07EB6831F974203000616C7 /* AppDelegate.m */ = {isa = PBXFileReference; lastKnownFileType = sourcecode.c.objc; path = AppDelegate.m; sourceTree = "<group>"; };
		F07EB6851F974203000616C7 /* ViewController.h */ = {isa = PBXFileReference; lastKnownFileType = sourcecode.c.h; path = ViewController.h; sourceTree = "<group>"; };
		F07EB6861F974203000616C7 /* ViewController.m */ = {isa = PBXFileReference; lastKnownFileType = sourcecode.c.objc; path = ViewController.m; sourceTree = "<group>"; };
		F07EB6891F974203000616C7 /* Base */ = {isa = PBXFileReference; lastKnownFileType = file.storyboard; name = Base; path = Base.lproj/Main.storyboard; sourceTree = "<group>"; };
		F07EB68B1F974203000616C7 /* Assets.xcassets */ = {isa = PBXFileReference; lastKnownFileType = folder.assetcatalog; path = Assets.xcassets; sourceTree = "<group>"; };
		F07EB68E1F974203000616C7 /* Base */ = {isa = PBXFileReference; lastKnownFileType = file.storyboard; name = Base; path = Base.lproj/LaunchScreen.storyboard; sourceTree = "<group>"; };
		F07EB6901F974204000616C7 /* Info.plist */ = {isa = PBXFileReference; lastKnownFileType = text.plist.xml; path = Info.plist; sourceTree = "<group>"; };
		F07EB6951F974204000616C7 /* DJLineChartTests.xctest */ = {isa = PBXFileReference; explicitFileType = wrapper.cfbundle; includeInIndex = 0; path = DJLineChartTests.xctest; sourceTree = BUILT_PRODUCTS_DIR; };
		F07EB6991F974204000616C7 /* DJLineChartTests.m */ = {isa = PBXFileReference; lastKnownFileType = sourcecode.c.objc; path = DJLineChartTests.m; sourceTree = "<group>"; };
		F07EB69B1F974204000616C7 /* Info.plist */ = {isa = PBXFileReference; lastKnownFileType = text.plist.xml; path = Info.plist; sourceTree = "<group>"; };
		F07EB6A01F974204000616C7 /* DJLineChartUITests.xctest */ = {isa = PBXFileReference; explicitFileType = wrapper.cfbundle; includeInIndex = 0; path = DJLineChartUITests.xctest; sourceTree = BUILT_PRODUCTS_DIR; };
		F07EB6A41F974204000616C7 /* DJLineChartUITests.m */ = {isa = PBXFileReference; lastKnownFileType = sourcecode.c.objc; path = DJLineChartUITests.m; sourceTree = "<group>"; };
		F07EB6A61F974204000616C7 /* Info.plist */ = {isa = PBXFileReference; lastKnownFileType = text.plist.xml; path = Info.plist; sourceTree = "<group>"; };
		F07EB6B21F974262000616C7 /* UIBezierPath+DJPointsBezier.h */ = {isa = PBXFileReference; fileEncoding = 4; lastKnownFileType = sourcecode.c.h; path = "UIBezierPath+DJPointsBezier.h"; sourceTree = "<group>"; };
		F07EB6B31F974262000616C7 /* UIBezierPath+DJPointsBezier.m */ = {isa = PBXFileReference; fileEncoding = 4; lastKnownFileType = sourcecode.c.objc; path = "UIBezierPath+DJPointsBezier.m"; sourceTree = "<group>"; };
		F07EB6B51F9742AD000616C7 /* DJPointView.h */ = {isa = PBXFileReference; fileEncoding = 4; lastKnownFileType = sourcecode.c.h; path = DJPointView.h; sourceTree = "<group>"; };
		F07EB6B61F9742AD000616C7 /* DJPointView.m */ = {isa = PBXFileReference; fileEncoding = 4; lastKnownFileType = sourcecode.c.objc; path = DJPointView.m; sourceTree = "<group>"; };
		F07EB6B81F974405000616C7 /* DJCoordinateView.h */ = {isa = PBXFileReference; fileEncoding = 4; lastKnownFileType = sourcecode.c.h; path = DJCoordinateView.h; sourceTree = "<group>"; };
		F07EB6B91F974405000616C7 /* DJCoordinateView.m */ = {isa = PBXFileReference; fileEncoding = 4; lastKnownFileType = sourcecode.c.objc; path = DJCoordinateView.m; sourceTree = "<group>"; };
/* End PBXFileReference section */

/* Begin PBXFrameworksBuildPhase section */
		F07EB6791F974202000616C7 /* Frameworks */ = {
			isa = PBXFrameworksBuildPhase;
			buildActionMask = 2147483647;
			files = (
			);
			runOnlyForDeploymentPostprocessing = 0;
		};
		F07EB6921F974204000616C7 /* Frameworks */ = {
			isa = PBXFrameworksBuildPhase;
			buildActionMask = 2147483647;
			files = (
			);
			runOnlyForDeploymentPostprocessing = 0;
		};
		F07EB69D1F974204000616C7 /* Frameworks */ = {
			isa = PBXFrameworksBuildPhase;
			buildActionMask = 2147483647;
			files = (
			);
			runOnlyForDeploymentPostprocessing = 0;
		};
/* End PBXFrameworksBuildPhase section */

/* Begin PBXGroup section */
		F07EB6731F974202000616C7 = {
			isa = PBXGroup;
			children = (
				F07EB67E1F974202000616C7 /* DJLineChart */,
				F07EB6981F974204000616C7 /* DJLineChartTests */,
				F07EB6A31F974204000616C7 /* DJLineChartUITests */,
				F07EB67D1F974202000616C7 /* Products */,
			);
			sourceTree = "<group>";
		};
		F07EB67D1F974202000616C7 /* Products */ = {
			isa = PBXGroup;
			children = (
				F07EB67C1F974202000616C7 /* DJLineChart.app */,
				F07EB6951F974204000616C7 /* DJLineChartTests.xctest */,
				F07EB6A01F974204000616C7 /* DJLineChartUITests.xctest */,
			);
			name = Products;
			sourceTree = "<group>";
		};
		F07EB67E1F974202000616C7 /* DJLineChart */ = {
			isa = PBXGroup;
			children = (
				F07EB6821F974203000616C7 /* AppDelegate.h */,
				F07EB6831F974203000616C7 /* AppDelegate.m */,
				F07EB6851F974203000616C7 /* ViewController.h */,
				F07EB6861F974203000616C7 /* ViewController.m */,
				F07EB6B81F974405000616C7 /* DJCoordinateView.h */,
				F07EB6B91F974405000616C7 /* DJCoordinateView.m */,
				F07EB6B51F9742AD000616C7 /* DJPointView.h */,
				F07EB6B61F9742AD000616C7 /* DJPointView.m */,
				F07EB6B21F974262000616C7 /* UIBezierPath+DJPointsBezier.h */,
				F07EB6B31F974262000616C7 /* UIBezierPath+DJPointsBezier.m */,
				F07EB6881F974203000616C7 /* Main.storyboard */,
				F07EB68B1F974203000616C7 /* Assets.xcassets */,
				F07EB68D1F974203000616C7 /* LaunchScreen.storyboard */,
				F07EB6901F974204000616C7 /* Info.plist */,
				F07EB67F1F974202000616C7 /* Supporting Files */,
			);
			path = DJLineChart;
			sourceTree = "<group>";
		};
		F07EB67F1F974202000616C7 /* Supporting Files */ = {
			isa = PBXGroup;
			children = (
				F07EB6801F974202000616C7 /* main.m */,
			);
			name = "Supporting Files";
			sourceTree = "<group>";
		};
		F07EB6981F974204000616C7 /* DJLineChartTests */ = {
			isa = PBXGroup;
			children = (
				F07EB6991F974204000616C7 /* DJLineChartTests.m */,
				F07EB69B1F974204000616C7 /* Info.plist */,
			);
			path = DJLineChartTests;
			sourceTree = "<group>";
		};
		F07EB6A31F974204000616C7 /* DJLineChartUITests */ = {
			isa = PBXGroup;
			children = (
				F07EB6A41F974204000616C7 /* DJLineChartUITests.m */,
				F07EB6A61F974204000616C7 /* Info.plist */,
			);
			path = DJLineChartUITests;
			sourceTree = "<group>";
		};
/* End PBXGroup section */

/* Begin PBXNativeTarget section */
		F07EB67B1F974202000616C7 /* DJLineChart */ = {
			isa = PBXNativeTarget;
			buildConfigurationList = F07EB6A91F974204000616C7 /* Build configuration list for PBXNativeTarget "DJLineChart" */;
			buildPhases = (
				F07EB6781F974202000616C7 /* Sources */,
				F07EB6791F974202000616C7 /* Frameworks */,
				F07EB67A1F974202000616C7 /* Resources */,
			);
			buildRules = (
			);
			dependencies = (
			);
			name = DJLineChart;
			productName = DJLineChart;
			productReference = F07EB67C1F974202000616C7 /* DJLineChart.app */;
			productType = "com.apple.product-type.application";
		};
		F07EB6941F974204000616C7 /* DJLineChartTests */ = {
			isa = PBXNativeTarget;
			buildConfigurationList = F07EB6AC1F974204000616C7 /* Build configuration list for PBXNativeTarget "DJLineChartTests" */;
			buildPhases = (
				F07EB6911F974204000616C7 /* Sources */,
				F07EB6921F974204000616C7 /* Frameworks */,
				F07EB6931F974204000616C7 /* Resources */,
			);
			buildRules = (
			);
			dependencies = (
				F07EB6971F974204000616C7 /* PBXTargetDependency */,
			);
			name = DJLineChartTests;
			productName = DJLineChartTests;
			productReference = F07EB6951F974204000616C7 /* DJLineChartTests.xctest */;
			productType = "com.apple.product-type.bundle.unit-test";
		};
		F07EB69F1F974204000616C7 /* DJLineChartUITests */ = {
			isa = PBXNativeTarget;
			buildConfigurationList = F07EB6AF1F974204000616C7 /* Build configuration list for PBXNativeTarget "DJLineChartUITests" */;
			buildPhases = (
				F07EB69C1F974204000616C7 /* Sources */,
				F07EB69D1F974204000616C7 /* Frameworks */,
				F07EB69E1F974204000616C7 /* Resources */,
			);
			buildRules = (
			);
			dependencies = (
				F07EB6A21F974204000616C7 /* PBXTargetDependency */,
			);
			name = DJLineChartUITests;
			productName = DJLineChartUITests;
			productReference = F07EB6A01F974204000616C7 /* DJLineChartUITests.xctest */;
			productType = "com.apple.product-type.bundle.ui-testing";
		};
/* End PBXNativeTarget section */

/* Begin PBXProject section */
		F07EB6741F974202000616C7 /* Project object */ = {
			isa = PBXProject;
			attributes = {
				LastUpgradeCheck = 0830;
				ORGANIZATIONNAME = Keisun;
				TargetAttributes = {
					F07EB67B1F974202000616C7 = {
						CreatedOnToolsVersion = 8.3.2;
						DevelopmentTeam = B822NZLR6T;
						ProvisioningStyle = Automatic;
					};
					F07EB6941F974204000616C7 = {
						CreatedOnToolsVersion = 8.3.2;
						DevelopmentTeam = B822NZLR6T;
						ProvisioningStyle = Automatic;
						TestTargetID = F07EB67B1F974202000616C7;
					};
					F07EB69F1F974204000616C7 = {
						CreatedOnToolsVersion = 8.3.2;
						DevelopmentTeam = B822NZLR6T;
						ProvisioningStyle = Automatic;
						TestTargetID = F07EB67B1F974202000616C7;
					};
				};
			};
			buildConfigurationList = F07EB6771F974202000616C7 /* Build configuration list for PBXProject "DJLineChart" */;
			compatibilityVersion = "Xcode 3.2";
			developmentRegion = English;
			hasScannedForEncodings = 0;
			knownRegions = (
				en,
				Base,
			);
			mainGroup = F07EB6731F974202000616C7;
			productRefGroup = F07EB67D1F974202000616C7 /* Products */;
			projectDirPath = "";
			projectRoot = "";
			targets = (
				F07EB67B1F974202000616C7 /* DJLineChart */,
				F07EB6941F974204000616C7 /* DJLineChartTests */,
				F07EB69F1F974204000616C7 /* DJLineChartUITests */,
			);
		};
/* End PBXProject section */

/* Begin PBXResourcesBuildPhase section */
		F07EB67A1F974202000616C7 /* Resources */ = {
			isa = PBXResourcesBuildPhase;
			buildActionMask = 2147483647;
			files = (
				F07EB68F1F974203000616C7 /* LaunchScreen.storyboard in Resources */,
				F07EB68C1F974203000616C7 /* Assets.xcassets in Resources */,
				F07EB68A1F974203000616C7 /* Main.storyboard in Resources */,
			);
			runOnlyForDeploymentPostprocessing = 0;
		};
		F07EB6931F974204000616C7 /* Resources */ = {
			isa = PBXResourcesBuildPhase;
			buildActionMask = 2147483647;
			files = (
			);
			runOnlyForDeploymentPostprocessing = 0;
		};
		F07EB69E1F974204000616C7 /* Resources */ = {
			isa = PBXResourcesBuildPhase;
			buildActionMask = 2147483647;
			files = (
			);
			runOnlyForDeploymentPostprocessing = 0;
		};
/* End PBXResourcesBuildPhase section */

/* Begin PBXSourcesBuildPhase section */
		F07EB6781F974202000616C7 /* Sources */ = {
			isa = PBXSourcesBuildPhase;
			buildActionMask = 2147483647;
			files = (
				F07EB6BA1F974405000616C7 /* DJCoordinateView.m in Sources */,
				F07EB6871F974203000616C7 /* ViewController.m in Sources */,
				F07EB6841F974203000616C7 /* AppDelegate.m in Sources */,
				F07EB6811F974203000616C7 /* main.m in Sources */,
				F07EB6B41F974262000616C7 /* UIBezierPath+DJPointsBezier.m in Sources */,
				F07EB6B71F9742AD000616C7 /* DJPointView.m in Sources */,
			);
			runOnlyForDeploymentPostprocessing = 0;
		};
		F07EB6911F974204000616C7 /* Sources */ = {
			isa = PBXSourcesBuildPhase;
			buildActionMask = 2147483647;
			files = (
				F07EB69A1F974204000616C7 /* DJLineChartTests.m in Sources */,
			);
			runOnlyForDeploymentPostprocessing = 0;
		};
		F07EB69C1F974204000616C7 /* Sources */ = {
			isa = PBXSourcesBuildPhase;
			buildActionMask = 2147483647;
			files = (
				F07EB6A51F974204000616C7 /* DJLineChartUITests.m in Sources */,
			);
			runOnlyForDeploymentPostprocessing = 0;
		};
/* End PBXSourcesBuildPhase section */

/* Begin PBXTargetDependency section */
		F07EB6971F974204000616C7 /* PBXTargetDependency */ = {
			isa = PBXTargetDependency;
			target = F07EB67B1F974202000616C7 /* DJLineChart */;
			targetProxy = F07EB6961F974204000616C7 /* PBXContainerItemProxy */;
		};
		F07EB6A21F974204000616C7 /* PBXTargetDependency */ = {
			isa = PBXTargetDependency;
			target = F07EB67B1F974202000616C7 /* DJLineChart */;
			targetProxy = F07EB6A11F974204000616C7 /* PBXContainerItemProxy */;
		};
/* End PBXTargetDependency section */

/* Begin PBXVariantGroup section */
		F07EB6881F974203000616C7 /* Main.storyboard */ = {
			isa = PBXVariantGroup;
			children = (
				F07EB6891F974203000616C7 /* Base */,
			);
			name = Main.storyboard;
			sourceTree = "<group>";
		};
		F07EB68D1F974203000616C7 /* LaunchScreen.storyboard */ = {
			isa = PBXVariantGroup;
			children = (
				F07EB68E1F974203000616C7 /* Base */,
			);
			name = LaunchScreen.storyboard;
			sourceTree = "<group>";
		};
/* End PBXVariantGroup section */

/* Begin XCBuildConfiguration section */
		F07EB6A71F974204000616C7 /* Debug */ = {
			isa = XCBuildConfiguration;
			buildSettings = {
				ALWAYS_SEARCH_USER_PATHS = NO;
				CLANG_ANALYZER_NONNULL = YES;
				CLANG_ANALYZER_NUMBER_OBJECT_CONVERSION = YES_AGGRESSIVE;
				CLANG_CXX_LANGUAGE_STANDARD = "gnu++0x";
				CLANG_CXX_LIBRARY = "libc++";
				CLANG_ENABLE_MODULES = YES;
				CLANG_ENABLE_OBJC_ARC = YES;
				CLANG_WARN_BOOL_CONVERSION = YES;
				CLANG_WARN_CONSTANT_CONVERSION = YES;
				CLANG_WARN_DIRECT_OBJC_ISA_USAGE = YES_ERROR;
				CLANG_WARN_DOCUMENTATION_COMMENTS = YES;
				CLANG_WARN_EMPTY_BODY = YES;
				CLANG_WARN_ENUM_CONVERSION = YES;
				CLANG_WARN_INFINITE_RECURSION = YES;
				CLANG_WARN_INT_CONVERSION = YES;
				CLANG_WARN_OBJC_ROOT_CLASS = YES_ERROR;
				CLANG_WARN_SUSPICIOUS_MOVE = YES;
				CLANG_WARN_UNREACHABLE_CODE = YES;
				CLANG_WARN__DUPLICATE_METHOD_MATCH = YES;
				"CODE_SIGN_IDENTITY[sdk=iphoneos*]" = "iPhone Developer";
				COPY_PHASE_STRIP = NO;
				DEBUG_INFORMATION_FORMAT = dwarf;
				ENABLE_STRICT_OBJC_MSGSEND = YES;
				ENABLE_TESTABILITY = YES;
				GCC_C_LANGUAGE_STANDARD = gnu99;
				GCC_DYNAMIC_NO_PIC = NO;
				GCC_NO_COMMON_BLOCKS = YES;
				GCC_OPTIMIZATION_LEVEL = 0;
				GCC_PREPROCESSOR_DEFINITIONS = (
					"DEBUG=1",
					"$(inherited)",
				);
				GCC_WARN_64_TO_32_BIT_CONVERSION = YES;
				GCC_WARN_ABOUT_RETURN_TYPE = YES_ERROR;
				GCC_WARN_UNDECLARED_SELECTOR = YES;
				GCC_WARN_UNINITIALIZED_AUTOS = YES_AGGRESSIVE;
				GCC_WARN_UNUSED_FUNCTION = YES;
				GCC_WARN_UNUSED_VARIABLE = YES;
				IPHONEOS_DEPLOYMENT_TARGET = 10.3;
				MTL_ENABLE_DEBUG_INFO = YES;
				ONLY_ACTIVE_ARCH = YES;
				SDKROOT = iphoneos;
				TARGETED_DEVICE_FAMILY = 2;
			};
			name = Debug;
		};
		F07EB6A81F974204000616C7 /* Release */ = {
			isa = XCBuildConfiguration;
			buildSettings = {
				ALWAYS_SEARCH_USER_PATHS = NO;
				CLANG_ANALYZER_NONNULL = YES;
				CLANG_ANALYZER_NUMBER_OBJECT_CONVERSION = YES_AGGRESSIVE;
				CLANG_CXX_LANGUAGE_STANDARD = "gnu++0x";
				CLANG_CXX_LIBRARY = "libc++";
				CLANG_ENABLE_MODULES = YES;
				CLANG_ENABLE_OBJC_ARC = YES;
				CLANG_WARN_BOOL_CONVERSION = YES;
				CLANG_WARN_CONSTANT_CONVERSION = YES;
				CLANG_WARN_DIRECT_OBJC_ISA_USAGE = YES_ERROR;
				CLANG_WARN_DOCUMENTATION_COMMENTS = YES;
				CLANG_WARN_EMPTY_BODY = YES;
				CLANG_WARN_ENUM_CONVERSION = YES;
				CLANG_WARN_INFINITE_RECURSION = YES;
				CLANG_WARN_INT_CONVERSION = YES;
				CLANG_WARN_OBJC_ROOT_CLASS = YES_ERROR;
				CLANG_WARN_SUSPICIOUS_MOVE = YES;
				CLANG_WARN_UNREACHABLE_CODE = YES;
				CLANG_WARN__DUPLICATE_METHOD_MATCH = YES;
				"CODE_SIGN_IDENTITY[sdk=iphoneos*]" = "iPhone Developer";
				COPY_PHASE_STRIP = NO;
				DEBUG_INFORMATION_FORMAT = "dwarf-with-dsym";
				ENABLE_NS_ASSERTIONS = NO;
				ENABLE_STRICT_OBJC_MSGSEND = YES;
				GCC_C_LANGUAGE_STANDARD = gnu99;
				GCC_NO_COMMON_BLOCKS = YES;
				GCC_WARN_64_TO_32_BIT_CONVERSION = YES;
				GCC_WARN_ABOUT_RETURN_TYPE = YES_ERROR;
				GCC_WARN_UNDECLARED_SELECTOR = YES;
				GCC_WARN_UNINITIALIZED_AUTOS = YES_AGGRESSIVE;
				GCC_WARN_UNUSED_FUNCTION = YES;
				GCC_WARN_UNUSED_VARIABLE = YES;
				IPHONEOS_DEPLOYMENT_TARGET = 10.3;
				MTL_ENABLE_DEBUG_INFO = NO;
				SDKROOT = iphoneos;
				TARGETED_DEVICE_FAMILY = 2;
				VALIDATE_PRODUCT = YES;
			};
			name = Release;
		};
		F07EB6AA1F974204000616C7 /* Debug */ = {
			isa = XCBuildConfiguration;
			buildSettings = {
				ASSETCATALOG_COMPILER_APPICON_NAME = AppIcon;
				DEVELOPMENT_TEAM = B822NZLR6T;
				INFOPLIST_FILE = DJLineChart/Info.plist;
				LD_RUNPATH_SEARCH_PATHS = "$(inherited) @executable_path/Frameworks";
				PRODUCT_BUNDLE_IDENTIFIER = Keisun.DJLineChart;
				PRODUCT_NAME = "$(TARGET_NAME)";
			};
			name = Debug;
		};
		F07EB6AB1F974204000616C7 /* Release */ = {
			isa = XCBuildConfiguration;
			buildSettings = {
				ASSETCATALOG_COMPILER_APPICON_NAME = AppIcon;
				DEVELOPMENT_TEAM = B822NZLR6T;
				INFOPLIST_FILE = DJLineChart/Info.plist;
				LD_RUNPATH_SEARCH_PATHS = "$(inherited) @executable_path/Frameworks";
				PRODUCT_BUNDLE_IDENTIFIER = Keisun.DJLineChart;
				PRODUCT_NAME = "$(TARGET_NAME)";
			};
			name = Release;
		};
		F07EB6AD1F974204000616C7 /* Debug */ = {
			isa = XCBuildConfiguration;
			buildSettings = {
				BUNDLE_LOADER = "$(TEST_HOST)";
				DEVELOPMENT_TEAM = B822NZLR6T;
				INFOPLIST_FILE = DJLineChartTests/Info.plist;
				LD_RUNPATH_SEARCH_PATHS = "$(inherited) @executable_path/Frameworks @loader_path/Frameworks";
				PRODUCT_BUNDLE_IDENTIFIER = Keisun.DJLineChartTests;
				PRODUCT_NAME = "$(TARGET_NAME)";
				TEST_HOST = "$(BUILT_PRODUCTS_DIR)/DJLineChart.app/DJLineChart";
			};
			name = Debug;
		};
		F07EB6AE1F974204000616C7 /* Release */ = {
			isa = XCBuildConfiguration;
			buildSettings = {
				BUNDLE_LOADER = "$(TEST_HOST)";
				DEVELOPMENT_TEAM = B822NZLR6T;
				INFOPLIST_FILE = DJLineChartTests/Info.plist;
				LD_RUNPATH_SEARCH_PATHS = "$(inherited) @executable_path/Frameworks @loader_path/Frameworks";
				PRODUCT_BUNDLE_IDENTIFIER = Keisun.DJLineChartTests;
				PRODUCT_NAME = "$(TARGET_NAME)";
				TEST_HOST = "$(BUILT_PRODUCTS_DIR)/DJLineChart.app/DJLineChart";
			};
			name = Release;
		};
		F07EB6B01F974204000616C7 /* Debug */ = {
			isa = XCBuildConfiguration;
			buildSettings = {
				DEVELOPMENT_TEAM = B822NZLR6T;
				INFOPLIST_FILE = DJLineChartUITests/Info.plist;
				LD_RUNPATH_SEARCH_PATHS = "$(inherited) @executable_path/Frameworks @loader_path/Frameworks";
				PRODUCT_BUNDLE_IDENTIFIER = Keisun.DJLineChartUITests;
				PRODUCT_NAME = "$(TARGET_NAME)";
				TEST_TARGET_NAME = DJLineChart;
			};
			name = Debug;
		};
		F07EB6B11F974204000616C7 /* Release */ = {
			isa = XCBuildConfiguration;
			buildSettings = {
				DEVELOPMENT_TEAM = B822NZLR6T;
				INFOPLIST_FILE = DJLineChartUITests/Info.plist;
				LD_RUNPATH_SEARCH_PATHS = "$(inherited) @executable_path/Frameworks @loader_path/Frameworks";
				PRODUCT_BUNDLE_IDENTIFIER = Keisun.DJLineChartUITests;
				PRODUCT_NAME = "$(TARGET_NAME)";
				TEST_TARGET_NAME = DJLineChart;
			};
			name = Release;
		};
/* End XCBuildConfiguration section */

/* Begin XCConfigurationList section */
		F07EB6771F974202000616C7 /* Build configuration list for PBXProject "DJLineChart" */ = {
			isa = XCConfigurationList;
			buildConfigurations = (
				F07EB6A71F974204000616C7 /* Debug */,
				F07EB6A81F974204000616C7 /* Release */,
			);
			defaultConfigurationIsVisible = 0;
			defaultConfigurationName = Release;
		};
		F07EB6A91F974204000616C7 /* Build configuration list for PBXNativeTarget "DJLineChart" */ = {
			isa = XCConfigurationList;
			buildConfigurations = (
				F07EB6AA1F974204000616C7 /* Debug */,
				F07EB6AB1F974204000616C7 /* Release */,
			);
			defaultConfigurationIsVisible = 0;
		};
		F07EB6AC1F974204000616C7 /* Build configuration list for PBXNativeTarget "DJLineChartTests" */ = {
			isa = XCConfigurationList;
			buildConfigurations = (
				F07EB6AD1F974204000616C7 /* Debug */,
				F07EB6AE1F974204000616C7 /* Release */,
			);
			defaultConfigurationIsVisible = 0;
		};
		F07EB6AF1F974204000616C7 /* Build configuration list for PBXNativeTarget "DJLineChartUITests" */ = {
			isa = XCConfigurationList;
			buildConfigurations = (
				F07EB6B01F974204000616C7 /* Debug */,
				F07EB6B11F974204000616C7 /* Release */,
			);
			defaultConfigurationIsVisible = 0;
		};
/* End XCConfigurationList section */
	};
	rootObject = F07EB6741F974202000616C7 /* Project object */;
}
